
Microsoft Visual Studio Solution File, Format Version 12.00
# Visual Studio Version 16
VisualStudioVersion = 16.0.35026.282
MinimumVisualStudioVersion = 10.0.40219.1
Project("{C9674DCB-5085-4A16-B785-4C70DD1589BD}") = "assessor_ods2", "..\assessor_ods2\assessor_ods2.dtproj", "{A47E48B5-648A-471D-AF44-2DEBA4AF64F5}"
EndProject
Project("{C9674DCB-5085-4A16-B785-4C70DD1589BD}") = "assessor_posse", "..\assessor_posse\assessor_posse.dtproj", "{E7A6354E-635E-43A9-98DF-186EE80250C9}"
EndProject
Project("{888888A0-9F3D-457C-B088-3A5042F75D52}") = "Assessor JSON", "..\Assessor JSON\Assessor JSON.pyproj", "{2BEBE340-1986-4BC5-930B-CC227210CE1D}"
EndProject
Project("{FAE04EC0-301F-11D3-BF4B-00C04F79EFBC}") = "AssessorJson", "..\AssessorJson\AssessorJson.csproj", "{3F02457F-E7B9-4CFB-AE6E-67EC5525EE3E}"
EndProject
Project("{C9674DCB-5085-4A16-B785-4C70DD1589BD}") = "assessor_ods2_json", "..\assessor_ods2_json\assessor_ods2_json\assessor_ods2_json.dtproj", "{244973A3-757E-4DE0-A59C-A524F25D4140}"
EndProject
Project("{2150E333-8FDC-42A3-9474-1A3956D46DE8}") = "Env_Variables", "Env_Variables", "{F33DC99D-57AC-4FA8-B4EF-B45D94F46765}"
	ProjectSection(SolutionItems) = preProject
		..\Env_Variables\assessor_ods2_sql = ..\Env_Variables\assessor_ods2_sql
		..\Env_Variables\assessor_posse = ..\Env_Variables\assessor_posse
	EndProjectSection
EndProject
Project("{00D1A9C2-B5F0-4AF3-8072-F6C62B433612}") = "DB_assessor_app", "..\DB_assessor_app\DB_assessor_app.sqlproj", "{AA4B21FC-E76E-4387-9B84-C13A73A00F8F}"
EndProject
Project("{00D1A9C2-B5F0-4AF3-8072-F6C62B433612}") = "DB_assessor_datastore", "..\DB_assessor_datastore\DB_assessor_datastore.sqlproj", "{CE1E05E9-0181-43EB-8AA8-8E44336F4E97}"
EndProject
Project("{00D1A9C2-B5F0-4AF3-8072-F6C62B433612}") = "DB_assessor_staging", "..\DB_assessor_staging\DB_assessor_staging.sqlproj", "{834A5D98-9E15-4019-B3AA-BC0D1728EE61}"
EndProject
Global
	GlobalSection(SolutionConfigurationPlatforms) = preSolution
		Debug|Any CPU = Debug|Any CPU
		Development|Any CPU = Development|Any CPU
		Release|Any CPU = Release|Any CPU
	EndGlobalSection
	GlobalSection(ProjectConfigurationPlatforms) = postSolution
		{A47E48B5-648A-471D-AF44-2DEBA4AF64F5}.Debug|Any CPU.ActiveCfg = Development
		{A47E48B5-648A-471D-AF44-2DEBA4AF64F5}.Debug|Any CPU.Build.0 = Development
		{A47E48B5-648A-471D-AF44-2DEBA4AF64F5}.Development|Any CPU.ActiveCfg = Development
		{A47E48B5-648A-471D-AF44-2DEBA4AF64F5}.Development|Any CPU.Build.0 = Development
		{A47E48B5-648A-471D-AF44-2DEBA4AF64F5}.Release|Any CPU.ActiveCfg = Development
		{A47E48B5-648A-471D-AF44-2DEBA4AF64F5}.Release|Any CPU.Build.0 = Development
		{E7A6354E-635E-43A9-98DF-186EE80250C9}.Debug|Any CPU.ActiveCfg = Development
		{E7A6354E-635E-43A9-98DF-186EE80250C9}.Debug|Any CPU.Build.0 = Development
		{E7A6354E-635E-43A9-98DF-186EE80250C9}.Development|Any CPU.ActiveCfg = Development
		{E7A6354E-635E-43A9-98DF-186EE80250C9}.Development|Any CPU.Build.0 = Development
		{E7A6354E-635E-43A9-98DF-186EE80250C9}.Release|Any CPU.ActiveCfg = Development
		{E7A6354E-635E-43A9-98DF-186EE80250C9}.Release|Any CPU.Build.0 = Development
		{2BEBE340-1986-4BC5-930B-CC227210CE1D}.Debug|Any CPU.ActiveCfg = Debug|Any CPU
		{2BEBE340-1986-4BC5-930B-CC227210CE1D}.Debug|Any CPU.Build.0 = Debug|Any CPU
		{2BEBE340-1986-4BC5-930B-CC227210CE1D}.Development|Any CPU.ActiveCfg = Debug|Any CPU
		{2BEBE340-1986-4BC5-930B-CC227210CE1D}.Development|Any CPU.Build.0 = Debug|Any CPU
		{2BEBE340-1986-4BC5-930B-CC227210CE1D}.Release|Any CPU.ActiveCfg = Release|Any CPU
		{2BEBE340-1986-4BC5-930B-CC227210CE1D}.Release|Any CPU.Build.0 = Release|Any CPU
		{3F02457F-E7B9-4CFB-AE6E-67EC5525EE3E}.Debug|Any CPU.ActiveCfg = Debug|Any CPU
		{3F02457F-E7B9-4CFB-AE6E-67EC5525EE3E}.Debug|Any CPU.Build.0 = Debug|Any CPU
		{3F02457F-E7B9-4CFB-AE6E-67EC5525EE3E}.Development|Any CPU.ActiveCfg = Debug|Any CPU
		{3F02457F-E7B9-4CFB-AE6E-67EC5525EE3E}.Development|Any CPU.Build.0 = Debug|Any CPU
		{3F02457F-E7B9-4CFB-AE6E-67EC5525EE3E}.Release|Any CPU.ActiveCfg = Release|Any CPU
		{3F02457F-E7B9-4CFB-AE6E-67EC5525EE3E}.Release|Any CPU.Build.0 = Release|Any CPU
		{244973A3-757E-4DE0-A59C-A524F25D4140}.Debug|Any CPU.ActiveCfg = Development
		{244973A3-757E-4DE0-A59C-A524F25D4140}.Debug|Any CPU.Build.0 = Development
		{244973A3-757E-4DE0-A59C-A524F25D4140}.Development|Any CPU.ActiveCfg = Development
		{244973A3-757E-4DE0-A59C-A524F25D4140}.Development|Any CPU.Build.0 = Development
		{244973A3-757E-4DE0-A59C-A524F25D4140}.Release|Any CPU.ActiveCfg = Development
		{244973A3-757E-4DE0-A59C-A524F25D4140}.Release|Any CPU.Build.0 = Development
		{AA4B21FC-E76E-4387-9B84-C13A73A00F8F}.Debug|Any CPU.ActiveCfg = Debug|Any CPU
		{AA4B21FC-E76E-4387-9B84-C13A73A00F8F}.Debug|Any CPU.Build.0 = Debug|Any CPU
		{AA4B21FC-E76E-4387-9B84-C13A73A00F8F}.Debug|Any CPU.Deploy.0 = Debug|Any CPU
		{AA4B21FC-E76E-4387-9B84-C13A73A00F8F}.Development|Any CPU.ActiveCfg = Debug|Any CPU
		{AA4B21FC-E76E-4387-9B84-C13A73A00F8F}.Development|Any CPU.Build.0 = Debug|Any CPU
		{AA4B21FC-E76E-4387-9B84-C13A73A00F8F}.Development|Any CPU.Deploy.0 = Debug|Any CPU
		{AA4B21FC-E76E-4387-9B84-C13A73A00F8F}.Release|Any CPU.ActiveCfg = Release|Any CPU
		{AA4B21FC-E76E-4387-9B84-C13A73A00F8F}.Release|Any CPU.Build.0 = Release|Any CPU
		{AA4B21FC-E76E-4387-9B84-C13A73A00F8F}.Release|Any CPU.Deploy.0 = Release|Any CPU
		{CE1E05E9-0181-43EB-8AA8-8E44336F4E97}.Debug|Any CPU.ActiveCfg = Debug|Any CPU
		{CE1E05E9-0181-43EB-8AA8-8E44336F4E97}.Debug|Any CPU.Build.0 = Debug|Any CPU
		{CE1E05E9-0181-43EB-8AA8-8E44336F4E97}.Debug|Any CPU.Deploy.0 = Debug|Any CPU
		{CE1E05E9-0181-43EB-8AA8-8E44336F4E97}.Development|Any CPU.ActiveCfg = Debug|Any CPU
		{CE1E05E9-0181-43EB-8AA8-8E44336F4E97}.Development|Any CPU.Build.0 = Debug|Any CPU
		{CE1E05E9-0181-43EB-8AA8-8E44336F4E97}.Development|Any CPU.Deploy.0 = Debug|Any CPU
		{CE1E05E9-0181-43EB-8AA8-8E44336F4E97}.Release|Any CPU.ActiveCfg = Release|Any CPU
		{CE1E05E9-0181-43EB-8AA8-8E44336F4E97}.Release|Any CPU.Build.0 = Release|Any CPU
		{CE1E05E9-0181-43EB-8AA8-8E44336F4E97}.Release|Any CPU.Deploy.0 = Release|Any CPU
		{834A5D98-9E15-4019-B3AA-BC0D1728EE61}.Debug|Any CPU.ActiveCfg = Debug|Any CPU
		{834A5D98-9E15-4019-B3AA-BC0D1728EE61}.Debug|Any CPU.Build.0 = Debug|Any CPU
		{834A5D98-9E15-4019-B3AA-BC0D1728EE61}.Debug|Any CPU.Deploy.0 = Debug|Any CPU
		{834A5D98-9E15-4019-B3AA-BC0D1728EE61}.Development|Any CPU.ActiveCfg = Debug|Any CPU
		{834A5D98-9E15-4019-B3AA-BC0D1728EE61}.Development|Any CPU.Build.0 = Debug|Any CPU
		{834A5D98-9E15-4019-B3AA-BC0D1728EE61}.Development|Any CPU.Deploy.0 = Debug|Any CPU
		{834A5D98-9E15-4019-B3AA-BC0D1728EE61}.Release|Any CPU.ActiveCfg = Release|Any CPU
		{834A5D98-9E15-4019-B3AA-BC0D1728EE61}.Release|Any CPU.Build.0 = Release|Any CPU
		{834A5D98-9E15-4019-B3AA-BC0D1728EE61}.Release|Any CPU.Deploy.0 = Release|Any CPU
	EndGlobalSection
	GlobalSection(SolutionProperties) = preSolution
		HideSolutionNode = FALSE
	EndGlobalSection
	GlobalSection(ExtensibilityGlobals) = postSolution
		SolutionGuid = {210D3F4E-9C4B-4060-A93B-E329F959752A}
	EndGlobalSection
EndGlobal
